
Microsoft Visual Studio Solution File, Format Version 12.00
# Visual Studio Version 16
VisualStudioVersion = 16.0.31702.278
MinimumVisualStudioVersion = 10.0.40219.1
Project("{FAE04EC0-301F-11D3-BF4B-00C04F79EFBC}") = "Lab5", "Lab5\Lab5.csproj", "{9EABF60D-5AF5-4C7A-9E5D-9AF212FB932D}"
EndProject
Global
	GlobalSection(SolutionConfigurationPlatforms) = preSolution
		Debug|Any CPU = Debug|Any CPU
		Release|Any CPU = Release|Any CPU
	EndGlobalSection
	GlobalSection(ProjectConfigurationPlatforms) = postSolution
		{9EABF60D-5AF5-4C7A-9E5D-9AF212FB932D}.Debug|Any CPU.ActiveCfg = Debug|Any CPU
		{9EABF60D-5AF5-4C7A-9E5D-9AF212FB932D}.Debug|Any CPU.Build.0 = Debug|Any CPU
		{9EABF60D-5AF5-4C7A-9E5D-9AF212FB932D}.Release|Any CPU.ActiveCfg = Release|Any CPU
		{9EABF60D-5AF5-4C7A-9E5D-9AF212FB932D}.Release|Any CPU.Build.0 = Release|Any CPU
	EndGlobalSection
	GlobalSection(SolutionProperties) = preSolution
		HideSolutionNode = FALSE
	EndGlobalSection
	GlobalSection(ExtensibilityGlobals) = postSolution
		SolutionGuid = {B5207911-46D9-4E7D-ABCA-3CD346FB7EEC}
	EndGlobalSection
EndGlobal
