
Microsoft Visual Studio Solution File, Format Version 12.00
# Visual Studio Version 16
VisualStudioVersion = 16.0.31702.278
MinimumVisualStudioVersion = 10.0.40219.1
Project("{FAE04EC0-301F-11D3-BF4B-00C04F79EFBC}") = "Lab3", "Lab3\Lab3.csproj", "{014B7A31-F2CC-477D-A1FE-22D2B229EA79}"
EndProject
Global
	GlobalSection(SolutionConfigurationPlatforms) = preSolution
		Debug|Any CPU = Debug|Any CPU
		Release|Any CPU = Release|Any CPU
	EndGlobalSection
	GlobalSection(ProjectConfigurationPlatforms) = postSolution
		{014B7A31-F2CC-477D-A1FE-22D2B229EA79}.Debug|Any CPU.ActiveCfg = Debug|Any CPU
		{014B7A31-F2CC-477D-A1FE-22D2B229EA79}.Debug|Any CPU.Build.0 = Debug|Any CPU
		{014B7A31-F2CC-477D-A1FE-22D2B229EA79}.Release|Any CPU.ActiveCfg = Release|Any CPU
		{014B7A31-F2CC-477D-A1FE-22D2B229EA79}.Release|Any CPU.Build.0 = Release|Any CPU
	EndGlobalSection
	GlobalSection(SolutionProperties) = preSolution
		HideSolutionNode = FALSE
	EndGlobalSection
	GlobalSection(ExtensibilityGlobals) = postSolution
		SolutionGuid = {55EB496F-5A59-42F7-9BB4-E0F8D2222BDA}
	EndGlobalSection
EndGlobal
